{
  "name": "my-app",
  "version": "0.0.0",
  "lockfileVersion": 1,
  "requires": true,
  "dependencies": {
    "@angular/animations": {
      "version": "6.1.1",
      "resolved": "https://registry.npmjs.org/@angular/animations/-/animations-6.1.1.tgz",
      "integrity": "sha512-6o15ZtoTWlvZgu/qTz2xj25A1ZRr+BGRHxkhQDZ4hADEIUyYi96dVQxkUttXTtmACRAhK4oXkL7xleVm5iN6ow==",
      "requires": {
        "tslib": "1.9.3"
      }
    },
    "@angular/common": {
      "version": "6.1.1",
      "resolved": "https://registry.npmjs.org/@angular/common/-/common-6.1.1.tgz",
      "integrity": "sha512-mrMG0Q+BUPuiez3RKWkrMCv3r/9iJl1DoTLhLNsgWvpj0IRGcARUyJgmTZqVVVCeacjFQEM+DopbVQ7AjQCkoA==",
      "requires": {
        "tslib": "1.9.3"
      }
    },
    "@angular/compiler": {
      "version": "6.1.1",
      "resolved": "https://registry.npmjs.org/@angular/compiler/-/compiler-6.1.1.tgz",
      "integrity": "sha512-60qSglzK8lncRI13axHaJryjGvdnue5yI8yXiJEEXMHba+AJ9xfoXH2aPPqBHvUX7bU4p4fsSVGDOe7kryo/ow==",
      "requires": {
        "tslib": "1.9.3"
      }
    },
    "@angular/core": {
      "version": "6.1.1",
      "resolved": "https://registry.npmjs.org/@angular/core/-/core-6.1.1.tgz",
      "integrity": "sha512-4h/8abB4N5meQHg69IV1wtNKUKe8e0w9z9s/0ZYbvFPVqWB9OkcSihsS2xmfSD3glIgSgS5424/jmiTB9G0Tcw==",
      "requires": {
        "tslib": "1.9.3"
      }
    },
    "@angular/forms": {
      "version": "6.1.1",
      "resolved": "https://registry.npmjs.org/@angular/forms/-/forms-6.1.1.tgz",
      "integrity": "sha512-NiEMJN0INoK6khjS+YJAqt3FS2nXy3JH4J10m55e2gwzldHrsU94bWUDEOEMbPfm7dFC8G1114p/MneleoXTvg==",
      "requires": {
        "tslib": "1.9.3"
      }
    },
    "@angular/http": {
      "version": "6.1.1",
      "resolved": "https://registry.npmjs.org/@angular/http/-/http-6.1.1.tgz",
      "integrity": "sha512-1VtFTSJeo1Q3pgbQ65NyMZFV3f+Jd8i4XMbmqOf+L7StosI1HE8eiDbm1SgQOuXZv0MFwgKMEXy7lzfnyl9Udw==",
      "requires": {
        "tslib": "1.9.3"
      }
    },
    "@angular/platform-browser": {
      "version": "6.1.1",
      "resolved": "https://registry.npmjs.org/@angular/platform-browser/-/platform-browser-6.1.1.tgz",
      "integrity": "sha512-YgFP6NQgk7ZkKKfywmLC3wBZuepYLttjIvzWhbvutJpRahAw1qDQaeCXdv75DU4U8fqHDKkllZS/kIdkc3cxQw==",
      "requires": {
        "tslib": "1.9.3"
      }
    },
    "@angular/platform-browser-dynamic": {
      "version": "6.1.1",
      "resolved": "https://registry.npmjs.org/@angular/platform-browser-dynamic/-/platform-browser-dynamic-6.1.1.tgz",
      "integrity": "sha512-OYXMgVapk6XmRwWgW05fN30dj1fSSiJjCXMzxxG/y+hIMe/O9HLfShADQHee9XRQJhZEdDB0rr7tOFYmH1c5Uw==",
      "requires": {
        "tslib": "1.9.3"
      }
    },
    "@angular/router": {
      "version": "6.1.1",
      "resolved": "https://registry.npmjs.org/@angular/router/-/router-6.1.1.tgz",
      "integrity": "sha512-pYvB0wQI7/TS/BLeEy707t1wMujvM8fAlSw+BJs4iqYJwYuG9nGG3IzKvR90fZDVdseNFNa72WokXaK1BPSs8Q==",
      "requires": {
        "tslib": "1.9.3"
      }
    },
    "core-js": {
      "version": "2.5.7",
      "resolved": "https://registry.npmjs.org/core-js/-/core-js-2.5.7.tgz",
      "integrity": "sha512-RszJCAxg/PP6uzXVXL6BsxSXx/B05oJAQ2vkJRjyjrEcNVycaqOmNb5OTxZPE3xa5gwZduqza6L9JOCenh/Ecw=="
    },
    "rxjs": {
      "version": "6.2.2",
      "resolved": "https://registry.npmjs.org/rxjs/-/rxjs-6.2.2.tgz",
      "integrity": "sha512-0MI8+mkKAXZUF9vMrEoPnaoHkfzBPP4IGwUYRJhIRJF6/w3uByO1e91bEHn8zd43RdkTMKiooYKmwz7RH6zfOQ==",
      "requires": {
        "tslib": "1.9.3"
      }
    },
    "tslib": {
      "version": "1.9.3",
      "resolved": "https://registry.npmjs.org/tslib/-/tslib-1.9.3.tgz",
      "integrity": "sha512-4krF8scpejhaOgqzBEcGM7yDIEfi0/8+8zDRZhNZZ2kjmHJ4hv3zCbQWxoJGz1iw5U0Jl0nma13xzHXcncMavQ=="
    },
    "zone.js": {
      "version": "0.8.26",
      "resolved": "https://registry.npmjs.org/zone.js/-/zone.js-0.8.26.tgz",
      "integrity": "sha512-W9Nj+UmBJG251wkCacIkETgra4QgBo/vgoEkb4a2uoLzpQG7qF9nzwoLXWU5xj3Fg2mxGvEDh47mg24vXccYjA=="
    }
  }
}
